{
    "hash": "21e671753147f52142a03614948b6749",
    "packages": [
        {
            "name": "anahkiasen/html-object",
            "version": "dev-master",
            "source": {
                "type": "git",
                "url": "https://github.com/Anahkiasen/html-object.git",
                "reference": "c5a4e9e3f1a6660ca797452d35d1b02ff9cce3f3"
            },
            "dist": {
                "type": "zip",
                "url": "https://api.github.com/repos/Anahkiasen/html-object/zipball/c5a4e9e3f1a6660ca797452d35d1b02ff9cce3f3",
                "reference": "c5a4e9e3f1a6660ca797452d35d1b02ff9cce3f3",
                "shasum": ""
            },
            "require": {
                "php": ">=5.3.0"
            },
            "type": "library",
            "autoload": {
                "psr-0": {
                    "HtmlObject": "src/"
                }
            },
            "notification-url": "https://packagist.org/downloads/",
            "license": [
                "MIT"
            ],
            "authors": [
                {
                    "name": "Anahkiasen",
                    "email": "ehtnam6@gmail.com"
                }
            ],
            "description": "A set of classes to create and manipulate HTML objects abstractions",
            "time": "2013-03-17 16:45:53"
        },
        {
            "name": "anahkiasen/underscore-php",
            "version": "dev-master",
            "source": {
                "type": "git",
                "url": "https://github.com/Anahkiasen/underscore-php.git",
                "reference": "cb1398977ecbfc57e26f4becadc07735f4594c0c"
            },
            "dist": {
                "type": "zip",
                "url": "https://api.github.com/repos/Anahkiasen/underscore-php/zipball/cb1398977ecbfc57e26f4becadc07735f4594c0c",
                "reference": "cb1398977ecbfc57e26f4becadc07735f4594c0c",
                "shasum": ""
            },
            "require": {
                "illuminate/support": "4.0.*@dev",
                "patchwork/utf8": "1.0.*",
                "php": ">=5.3.0"
            },
            "type": "library",
            "autoload": {
                "psr-0": {
                    "Underscore": "src/"
                }
            },
            "notification-url": "https://packagist.org/downloads/",
            "license": [
                "MIT"
            ],
            "authors": [
                {
                    "name": "Maxime Fabre",
                    "email": "ehtnam6@gmail.com"
                }
            ],
            "description": "A redacted port of Underscore.js for PHP",
            "time": "2013-03-15 12:44:17"
        },
        {
            "name": "illuminate/config",
            "version": "dev-master",
            "target-dir": "Illuminate/Config",
            "source": {
                "type": "git",
                "url": "https://github.com/illuminate/config.git",
                "reference": "02bf5cffe092b03ce013d381817ada395568ba1e"
            },
            "dist": {
                "type": "zip",
                "url": "https://api.github.com/repos/illuminate/config/zipball/02bf5cffe092b03ce013d381817ada395568ba1e",
                "reference": "02bf5cffe092b03ce013d381817ada395568ba1e",
                "shasum": ""
            },
            "require": {
                "illuminate/filesystem": "4.0.x",
                "illuminate/support": "4.0.x",
                "php": ">=5.3.0"
            },
            "type": "library",
            "extra": {
                "branch-alias": {
                    "dev-master": "4.0-dev"
                }
            },
            "autoload": {
                "psr-0": {
                    "Illuminate\\Config": ""
                }
            },
            "notification-url": "https://packagist.org/downloads/",
            "authors": [
                {
                    "name": "Taylor Otwell",
                    "email": "taylorotwell@gmail.com"
                }
            ],
            "time": "2013-03-03 01:00:36"
        },
        {
            "name": "illuminate/container",
            "version": "dev-master",
            "target-dir": "Illuminate/Container",
            "source": {
                "type": "git",
                "url": "https://github.com/illuminate/container.git",
                "reference": "73697d956ee9bac52de89fa2235969da45da9a1e"
            },
            "dist": {
                "type": "zip",
                "url": "https://api.github.com/repos/illuminate/container/zipball/73697d956ee9bac52de89fa2235969da45da9a1e",
                "reference": "73697d956ee9bac52de89fa2235969da45da9a1e",
                "shasum": ""
            },
            "require": {
                "php": ">=5.3.0"
            },
            "type": "library",
            "extra": {
                "branch-alias": {
                    "dev-master": "4.0-dev"
                }
            },
            "autoload": {
                "psr-0": {
                    "Illuminate\\Container": ""
                }
            },
            "notification-url": "https://packagist.org/downloads/",
            "authors": [
                {
                    "name": "Taylor Otwell",
                    "email": "taylorotwell@gmail.com"
                }
            ],
            "time": "2013-03-03 01:00:36"
        },
        {
            "name": "illuminate/filesystem",
            "version": "dev-master",
            "target-dir": "Illuminate/Filesystem",
            "source": {
                "type": "git",
                "url": "https://github.com/illuminate/filesystem.git",
                "reference": "a3f1aef27e6857690d575bd6f10a670a26e76bc3"
            },
            "dist": {
                "type": "zip",
                "url": "https://api.github.com/repos/illuminate/filesystem/zipball/a3f1aef27e6857690d575bd6f10a670a26e76bc3",
                "reference": "a3f1aef27e6857690d575bd6f10a670a26e76bc3",
                "shasum": ""
            },
            "require": {
                "illuminate/support": "4.0.x",
                "php": ">=5.3.0"
            },
            "type": "library",
            "extra": {
                "branch-alias": {
                    "dev-master": "4.0-dev"
                }
            },
            "autoload": {
                "psr-0": {
                    "Illuminate\\Filesystem": ""
                }
            },
            "notification-url": "https://packagist.org/downloads/",
            "authors": [
                {
                    "name": "Taylor Otwell",
                    "email": "taylorotwell@gmail.com"
                }
            ],
            "description": "A filesystem abstraction library.",
            "time": "2013-03-07 15:18:39"
        },
        {
            "name": "illuminate/support",
            "version": "dev-master",
            "target-dir": "Illuminate/Support",
            "source": {
                "type": "git",
                "url": "https://github.com/illuminate/support.git",
                "reference": "b46d591dd8fe100603777ea84ace34a5314c48a3"
            },
            "dist": {
                "type": "zip",
                "url": "https://api.github.com/repos/illuminate/support/zipball/b46d591dd8fe100603777ea84ace34a5314c48a3",
                "reference": "b46d591dd8fe100603777ea84ace34a5314c48a3",
                "shasum": ""
            },
            "require": {
                "php": ">=5.3.0"
            },
            "require-dev": {
                "mockery/mockery": "0.7.2",
                "patchwork/utf8": "1.0.*"
            },
            "type": "library",
            "extra": {
                "branch-alias": {
                    "dev-master": "4.0-dev"
                }
            },
            "autoload": {
                "psr-0": {
                    "Illuminate\\Support": ""
                },
                "files": [
                    "Illuminate/Support/helpers.php"
                ]
            },
            "notification-url": "https://packagist.org/downloads/",
            "authors": [
                {
                    "name": "Taylor Otwell",
                    "email": "taylorotwell@gmail.com"
                }
            ],
            "description": "Various utilities and support functions.",
            "time": "2013-03-15 03:55:30"
        },
        {
            "name": "illuminate/translation",
            "version": "dev-master",
            "target-dir": "Illuminate/Translation",
            "source": {
                "type": "git",
                "url": "https://github.com/illuminate/translation.git",
                "reference": "51a12f83e26ed4bf0d96b0ce3a1d1aa487583454"
            },
            "dist": {
                "type": "zip",
                "url": "https://api.github.com/repos/illuminate/translation/zipball/51a12f83e26ed4bf0d96b0ce3a1d1aa487583454",
                "reference": "51a12f83e26ed4bf0d96b0ce3a1d1aa487583454",
                "shasum": ""
            },
            "require": {
                "illuminate/filesystem": "4.0.x",
                "illuminate/support": "4.0.x",
                "php": ">=5.3.0",
                "symfony/translation": "2.2.*"
            },
            "require-dev": {
                "mockery/mockery": "0.7.2"
            },
            "type": "library",
            "extra": {
                "branch-alias": {
                    "dev-master": "4.0-dev"
                }
            },
            "autoload": {
                "psr-0": {
                    "Illuminate\\Translation": ""
                }
            },
            "notification-url": "https://packagist.org/downloads/",
            "authors": [
                {
                    "name": "Taylor Otwell",
                    "email": "taylorotwell@gmail.com"
                }
            ],
            "time": "2013-03-17 03:28:39"
        },
        {
            "name": "patchwork/utf8",
            "version": "v1.0.4",
            "source": {
                "type": "git",
                "url": "https://github.com/nicolas-grekas/Patchwork-UTF8.git",
                "reference": "v1.0.4"
            },
            "dist": {
                "type": "zip",
                "url": "https://github.com/nicolas-grekas/Patchwork-UTF8/archive/v1.0.4.zip",
                "reference": "v1.0.4",
                "shasum": ""
            },
            "require": {
                "php": ">=5.3.0"
            },
            "type": "library",
            "autoload": {
                "files": [
                    "bootup.utf8.php"
                ]
            },
            "notification-url": "https://packagist.org/downloads/",
            "license": [
                "(Apache-2.0 or GPL-2.0)"
            ],
            "authors": [
                {
                    "name": "Nicolas Grekas",
                    "email": "p@tchwork.com",
                    "role": "Developer"
                }
            ],
            "description": "UTF-8 strings handling for PHP 5.3: portable, performant and extended",
            "homepage": "https://github.com/nicolas-grekas/Patchwork-UTF8",
            "keywords": [
                "i18n",
                "unicode",
                "utf-8",
                "utf8"
            ],
            "time": "2012-12-13 08:48:39"
        },
        {
            "name": "symfony/translation",
            "version": "2.2.x-dev",
            "target-dir": "Symfony/Component/Translation",
            "source": {
                "type": "git",
                "url": "https://github.com/symfony/Translation.git",
                "reference": "69548bd41929e873f3a9bdd88c73865b9aba6932"
            },
            "dist": {
                "type": "zip",
                "url": "https://api.github.com/repos/symfony/Translation/zipball/69548bd41929e873f3a9bdd88c73865b9aba6932",
                "reference": "69548bd41929e873f3a9bdd88c73865b9aba6932",
                "shasum": ""
            },
            "require": {
                "php": ">=5.3.3"
            },
            "require-dev": {
                "symfony/config": ">=2.0,<2.3-dev",
                "symfony/yaml": ">=2.2,<3.0"
            },
            "suggest": {
                "symfony/config": "2.2.*",
                "symfony/yaml": "2.2.*"
            },
            "type": "library",
            "extra": {
                "branch-alias": {
                    "dev-master": "2.2-dev"
                }
            },
            "autoload": {
                "psr-0": {
                    "Symfony\\Component\\Translation\\": ""
                }
            },
            "notification-url": "https://packagist.org/downloads/",
            "license": [
                "MIT"
            ],
            "authors": [
                {
                    "name": "Fabien Potencier",
                    "email": "fabien@symfony.com"
                },
                {
                    "name": "Symfony Community",
                    "homepage": "http://symfony.com/contributors"
                }
            ],
            "description": "Symfony Translation Component",
            "homepage": "http://symfony.com",
            "time": "2013-03-15 10:14:31"
        }
    ],
    "packages-dev": [
        {
            "name": "mockery/mockery",
            "version": "dev-master",
            "source": {
                "type": "git",
                "url": "https://github.com/padraic/mockery.git",
                "reference": "1174be6aed7b3c1e048834f14902ce796b6483c2"
            },
            "dist": {
                "type": "zip",
                "url": "https://api.github.com/repos/padraic/mockery/zipball/1174be6aed7b3c1e048834f14902ce796b6483c2",
                "reference": "1174be6aed7b3c1e048834f14902ce796b6483c2",
                "shasum": ""
            },
            "require": {
                "php": ">=5.3.2"
            },
            "require-dev": {
                "hamcrest/hamcrest": "1.1.0"
            },
            "type": "library",
            "autoload": {
                "psr-0": {
                    "Mockery": "library/"
                }
            },
            "notification-url": "https://packagist.org/downloads/",
            "license": [
                "BSD-3-Clause"
            ],
            "authors": [
                {
                    "name": "Pádraic Brady",
                    "email": "padraic.brady@gmail.com",
                    "homepage": "http://blog.astrumfutura.com"
                }
            ],
            "description": "Mockery is a simple yet flexible PHP mock object framework for use in unit testing with PHPUnit, PHPSpec or any other testing framework. Its core goal is to offer a test double framework with a succint API capable of clearly defining all possible object operations and interactions using a human readable Domain Specific Language (DSL). Designed as a drop in alternative to PHPUnit's phpunit-mock-objects library, Mockery is easy to integrate with PHPUnit and can operate alongside phpunit-mock-objects without the World ending.",
            "homepage": "http://github.com/padraic/mockery",
            "keywords": [
                "BDD",
                "TDD",
                "library",
                "mock",
                "mock objects",
                "mockery",
                "stub",
                "test",
                "test double",
                "testing"
            ],
            "time": "2013-03-11 13:49:28"
        }
    ],
    "aliases": [

    ],
    "minimum-stability": "dev",
    "stability-flags": {
        "anahkiasen/html-object": 20,
        "anahkiasen/underscore-php": 20,
        "illuminate/config": 20,
        "illuminate/container": 20,
        "illuminate/translation": 20,
        "mockery/mockery": 20
    },
    "platform": [

    ],
    "platform-dev": [

    ]
}
