{
    "_readme": [
        "This file locks the dependencies of your project to a known state",
        "Read more about it at http://getcomposer.org/doc/01-basic-usage.md#composer-lock-the-lock-file"
    ],
    "hash": "39592d4349e5fd9fb6d7f92e7ca04cd8",
    "packages": [
        {
            "name": "anahkiasen/html-object",
            "version": "dev-master",
            "source": {
                "type": "git",
                "url": "https://github.com/Anahkiasen/html-object.git",
                "reference": "216bc3fdf29da62e50413aae41220280f53b37bb"
            },
            "dist": {
                "type": "zip",
                "url": "https://api.github.com/repos/Anahkiasen/html-object/zipball/216bc3fdf29da62e50413aae41220280f53b37bb",
                "reference": "216bc3fdf29da62e50413aae41220280f53b37bb",
                "shasum": ""
            },
            "require": {
                "php": ">=5.3.0"
            },
            "type": "library",
            "autoload": {
                "psr-0": {
                    "HtmlObject": "src/"
                }
            },
            "notification-url": "https://packagist.org/downloads/",
            "license": [
                "MIT"
            ],
            "authors": [
                {
                    "name": "Anahkiasen",
                    "email": "ehtnam6@gmail.com"
                }
            ],
            "description": "A set of classes to create and manipulate HTML objects abstractions",
            "time": "2013-06-06 19:42:31"
        },
        {
            "name": "anahkiasen/underscore-php",
            "version": "dev-master",
            "source": {
                "type": "git",
                "url": "https://github.com/Anahkiasen/underscore-php.git",
                "reference": "4aa949b884ace9c3804df0edc745821604a62bde"
            },
            "dist": {
                "type": "zip",
                "url": "https://api.github.com/repos/Anahkiasen/underscore-php/zipball/4aa949b884ace9c3804df0edc745821604a62bde",
                "reference": "4aa949b884ace9c3804df0edc745821604a62bde",
                "shasum": ""
            },
            "require": {
                "illuminate/support": ">=4.0,<5.0",
                "patchwork/utf8": "1.1.*",
                "php": ">=5.3.0"
            },
            "type": "library",
            "autoload": {
                "psr-0": {
                    "Underscore": "src/"
                }
            },
            "notification-url": "https://packagist.org/downloads/",
            "license": [
                "MIT"
            ],
            "authors": [
                {
                    "name": "Maxime Fabre",
                    "email": "ehtnam6@gmail.com"
                }
            ],
            "description": "A redacted port of Underscore.js for PHP",
            "time": "2013-06-05 16:52:33"
        },
        {
            "name": "illuminate/cache",
            "version": "dev-master",
            "target-dir": "Illuminate/Cache",
            "source": {
                "type": "git",
                "url": "https://github.com/illuminate/cache.git",
                "reference": "6804544118506ee661ca483b6aec5ae7715dbb1b"
            },
            "dist": {
                "type": "zip",
                "url": "https://api.github.com/repos/illuminate/cache/zipball/6804544118506ee661ca483b6aec5ae7715dbb1b",
                "reference": "6804544118506ee661ca483b6aec5ae7715dbb1b",
                "shasum": ""
            },
            "require": {
                "illuminate/database": "4.1.x",
                "illuminate/encryption": "4.1.x",
                "illuminate/filesystem": "4.1.x",
                "illuminate/redis": "4.1.x",
                "illuminate/support": "4.1.x",
                "php": ">=5.3.0"
            },
            "require-dev": {
                "phpunit/phpunit": "3.7.*"
            },
            "type": "library",
            "extra": {
                "branch-alias": {
                    "dev-master": "4.1-dev"
                }
            },
            "autoload": {
                "psr-0": {
                    "Illuminate\\Cache": ""
                }
            },
            "notification-url": "https://packagist.org/downloads/",
            "license": [
                "MIT"
            ],
            "authors": [
                {
                    "name": "Taylor Otwell",
                    "email": "taylorotwell@gmail.com"
                }
            ],
            "time": "2013-06-08 18:06:36"
        },
        {
            "name": "illuminate/config",
            "version": "dev-master",
            "target-dir": "Illuminate/Config",
            "source": {
                "type": "git",
                "url": "https://github.com/illuminate/config.git",
                "reference": "5c943c06e817be915d2eb45f9b34fdd6b38bc44c"
            },
            "dist": {
                "type": "zip",
                "url": "https://api.github.com/repos/illuminate/config/zipball/5c943c06e817be915d2eb45f9b34fdd6b38bc44c",
                "reference": "5c943c06e817be915d2eb45f9b34fdd6b38bc44c",
                "shasum": ""
            },
            "require": {
                "illuminate/filesystem": "4.1.x",
                "illuminate/support": "4.1.x",
                "php": ">=5.3.0"
            },
            "require-dev": {
                "phpunit/phpunit": "3.7.*"
            },
            "type": "library",
            "extra": {
                "branch-alias": {
                    "dev-master": "4.1-dev"
                }
            },
            "autoload": {
                "psr-0": {
                    "Illuminate\\Config": ""
                }
            },
            "notification-url": "https://packagist.org/downloads/",
            "license": [
                "MIT"
            ],
            "authors": [
                {
                    "name": "Taylor Otwell",
                    "email": "taylorotwell@gmail.com"
                }
            ],
            "time": "2013-05-28 20:37:43"
        },
        {
            "name": "illuminate/container",
            "version": "dev-master",
            "target-dir": "Illuminate/Container",
            "source": {
                "type": "git",
                "url": "https://github.com/illuminate/container.git",
                "reference": "908a2e4ac315c58317b2197c3f057e94bcbf869a"
            },
            "dist": {
                "type": "zip",
                "url": "https://api.github.com/repos/illuminate/container/zipball/908a2e4ac315c58317b2197c3f057e94bcbf869a",
                "reference": "908a2e4ac315c58317b2197c3f057e94bcbf869a",
                "shasum": ""
            },
            "require": {
                "php": ">=5.3.0"
            },
            "require-dev": {
                "phpunit/phpunit": "3.7.*"
            },
            "type": "library",
            "extra": {
                "branch-alias": {
                    "dev-master": "4.1-dev"
                }
            },
            "autoload": {
                "psr-0": {
                    "Illuminate\\Container": ""
                }
            },
            "notification-url": "https://packagist.org/downloads/",
            "license": [
                "MIT"
            ],
            "authors": [
                {
                    "name": "Taylor Otwell",
                    "email": "taylorotwell@gmail.com"
                }
            ],
            "time": "2013-05-28 18:31:39"
        },
        {
            "name": "illuminate/cookie",
            "version": "dev-master",
            "target-dir": "Illuminate/Cookie",
            "source": {
                "type": "git",
                "url": "https://github.com/illuminate/cookie.git",
                "reference": "bffad04a1b06be3f4652fe257f7f010e43810c2f"
            },
            "dist": {
                "type": "zip",
                "url": "https://api.github.com/repos/illuminate/cookie/zipball/bffad04a1b06be3f4652fe257f7f010e43810c2f",
                "reference": "bffad04a1b06be3f4652fe257f7f010e43810c2f",
                "shasum": ""
            },
            "require": {
                "illuminate/encryption": "4.1.x",
                "illuminate/support": "4.1.x",
                "php": ">=5.3.0",
                "symfony/http-foundation": "2.3.*"
            },
            "require-dev": {
                "mockery/mockery": "0.7.2",
                "phpunit/phpunit": "3.7.*"
            },
            "type": "library",
            "extra": {
                "branch-alias": {
                    "dev-master": "4.1-dev"
                }
            },
            "autoload": {
                "psr-0": {
                    "Illuminate\\Cookie": ""
                }
            },
            "notification-url": "https://packagist.org/downloads/",
            "license": [
                "MIT"
            ],
            "authors": [
                {
                    "name": "Taylor Otwell",
                    "email": "taylorotwell@gmail.com"
                }
            ],
            "time": "2013-05-28 20:37:43"
        },
        {
            "name": "illuminate/database",
            "version": "dev-master",
            "target-dir": "Illuminate/Database",
            "source": {
                "type": "git",
                "url": "https://github.com/illuminate/database.git",
                "reference": "0d31b368de8fe2be24fc6f30ec5de4531c036ae6"
            },
            "dist": {
                "type": "zip",
                "url": "https://api.github.com/repos/illuminate/database/zipball/0d31b368de8fe2be24fc6f30ec5de4531c036ae6",
                "reference": "0d31b368de8fe2be24fc6f30ec5de4531c036ae6",
                "shasum": ""
            },
            "require": {
                "illuminate/container": "4.1.x",
                "illuminate/events": "4.1.x",
                "illuminate/support": "4.1.x",
                "nesbot/carbon": "1.*",
                "php": ">=5.3.0"
            },
            "require-dev": {
                "illuminate/cache": "4.1.x",
                "illuminate/console": "4.1.x",
                "illuminate/filesystem": "4.1.x",
                "illuminate/pagination": "4.1.x",
                "illuminate/support": "4.1.x",
                "mockery/mockery": "0.7.2",
                "phpunit/phpunit": "3.7.*"
            },
            "type": "library",
            "extra": {
                "branch-alias": {
                    "dev-master": "4.1-dev"
                }
            },
            "autoload": {
                "psr-0": {
                    "Illuminate\\Database": ""
                }
            },
            "notification-url": "https://packagist.org/downloads/",
            "license": [
                "MIT"
            ],
            "authors": [
                {
                    "name": "Taylor Otwell",
                    "email": "taylorotwell@gmail.com"
                }
            ],
            "keywords": [
                "database",
                "laravel",
                "orm",
                "sql"
            ],
            "time": "2013-06-08 03:41:08"
        },
        {
            "name": "illuminate/encryption",
            "version": "dev-master",
            "target-dir": "Illuminate/Encryption",
            "source": {
                "type": "git",
                "url": "https://github.com/illuminate/encryption.git",
                "reference": "e35cdd03b539c0a3d413e903a54ed530ad05da70"
            },
            "dist": {
                "type": "zip",
                "url": "https://api.github.com/repos/illuminate/encryption/zipball/e35cdd03b539c0a3d413e903a54ed530ad05da70",
                "reference": "e35cdd03b539c0a3d413e903a54ed530ad05da70",
                "shasum": ""
            },
            "require": {
                "illuminate/support": "4.1.x",
                "php": ">=5.3.0"
            },
            "require-dev": {
                "phpunit/phpunit": "3.7.*"
            },
            "type": "library",
            "extra": {
                "branch-alias": {
                    "dev-master": "4.1-dev"
                }
            },
            "autoload": {
                "psr-0": {
                    "Illuminate\\Encryption": ""
                }
            },
            "notification-url": "https://packagist.org/downloads/",
            "license": [
                "MIT"
            ],
            "authors": [
                {
                    "name": "Taylor Otwell",
                    "email": "taylorotwell@gmail.com"
                }
            ],
            "time": "2013-06-02 19:23:05"
        },
        {
            "name": "illuminate/events",
            "version": "dev-master",
            "target-dir": "Illuminate/Events",
            "source": {
                "type": "git",
                "url": "https://github.com/illuminate/events.git",
                "reference": "f3b3356f49c00b110f58c2b255e1cc46ec4f6f76"
            },
            "dist": {
                "type": "zip",
                "url": "https://api.github.com/repos/illuminate/events/zipball/f3b3356f49c00b110f58c2b255e1cc46ec4f6f76",
                "reference": "f3b3356f49c00b110f58c2b255e1cc46ec4f6f76",
                "shasum": ""
            },
            "require": {
                "illuminate/container": "4.1.x",
                "illuminate/support": "4.1.x",
                "php": ">=5.3.0"
            },
            "require-dev": {
                "mockery/mockery": "0.7.2",
                "phpunit/phpunit": "3.7.*"
            },
            "type": "library",
            "extra": {
                "branch-alias": {
                    "dev-master": "4.1-dev"
                }
            },
            "autoload": {
                "psr-0": {
                    "Illuminate\\Events": ""
                }
            },
            "notification-url": "https://packagist.org/downloads/",
            "license": [
                "MIT"
            ],
            "authors": [
                {
                    "name": "Taylor Otwell",
                    "email": "taylorotwell@gmail.com"
                }
            ],
            "time": "2013-05-28 20:37:43"
        },
        {
            "name": "illuminate/filesystem",
            "version": "dev-master",
            "target-dir": "Illuminate/Filesystem",
            "source": {
                "type": "git",
                "url": "https://github.com/illuminate/filesystem.git",
                "reference": "9973bc25cdf1f132eac936cb303a8a544ab419c4"
            },
            "dist": {
                "type": "zip",
                "url": "https://api.github.com/repos/illuminate/filesystem/zipball/9973bc25cdf1f132eac936cb303a8a544ab419c4",
                "reference": "9973bc25cdf1f132eac936cb303a8a544ab419c4",
                "shasum": ""
            },
            "require": {
                "illuminate/support": "4.1.x",
                "php": ">=5.3.0",
                "symfony/finder": "2.3.x"
            },
            "require-dev": {
                "phpunit/phpunit": "3.7.*"
            },
            "type": "library",
            "extra": {
                "branch-alias": {
                    "dev-master": "4.1-dev"
                }
            },
            "autoload": {
                "psr-0": {
                    "Illuminate\\Filesystem": ""
                }
            },
            "notification-url": "https://packagist.org/downloads/",
            "license": [
                "MIT"
            ],
            "authors": [
                {
                    "name": "Taylor Otwell",
                    "email": "taylorotwell@gmail.com"
                }
            ],
            "time": "2013-05-28 20:37:43"
        },
        {
            "name": "illuminate/http",
            "version": "dev-master",
            "target-dir": "Illuminate/Http",
            "source": {
                "type": "git",
                "url": "https://github.com/illuminate/http.git",
                "reference": "0e1471a4264f684ce5b9cf2f3c0f1d581d24e23a"
            },
            "dist": {
                "type": "zip",
                "url": "https://api.github.com/repos/illuminate/http/zipball/0e1471a4264f684ce5b9cf2f3c0f1d581d24e23a",
                "reference": "0e1471a4264f684ce5b9cf2f3c0f1d581d24e23a",
                "shasum": ""
            },
            "require": {
                "illuminate/session": "4.1.x",
                "illuminate/support": "4.1.x",
                "symfony/http-foundation": "2.3.*"
            },
            "require-dev": {
                "mockery/mockery": "0.7.2",
                "phpunit/phpunit": "3.7.*"
            },
            "type": "library",
            "extra": {
                "branch-alias": {
                    "dev-master": "4.1-dev"
                }
            },
            "autoload": {
                "psr-0": {
                    "Illuminate\\Http": ""
                }
            },
            "notification-url": "https://packagist.org/downloads/",
            "license": [
                "MIT"
            ],
            "authors": [
                {
                    "name": "Taylor Otwell",
                    "email": "taylorotwell@gmail.com"
                }
            ],
            "time": "2013-05-28 20:37:43"
        },
        {
            "name": "illuminate/redis",
            "version": "dev-master",
            "target-dir": "Illuminate/Redis",
            "source": {
                "type": "git",
                "url": "https://github.com/illuminate/redis.git",
                "reference": "7cf3593e3eb5533168eb1c529a4fb6c4bfe88ace"
            },
            "dist": {
                "type": "zip",
                "url": "https://api.github.com/repos/illuminate/redis/zipball/7cf3593e3eb5533168eb1c529a4fb6c4bfe88ace",
                "reference": "7cf3593e3eb5533168eb1c529a4fb6c4bfe88ace",
                "shasum": ""
            },
            "require": {
                "illuminate/support": "4.1.x",
                "php": ">=5.3.0",
                "predis/predis": "0.*"
            },
            "require-dev": {
                "mockery/mockery": "0.7.2",
                "phpunit/phpunit": "3.7.*"
            },
            "type": "library",
            "extra": {
                "branch-alias": {
                    "dev-master": "4.1-dev"
                }
            },
            "autoload": {
                "psr-0": {
                    "Illuminate\\Redis": ""
                }
            },
            "notification-url": "https://packagist.org/downloads/",
            "license": [
                "MIT"
            ],
            "authors": [
                {
                    "name": "Taylor Otwell",
                    "email": "taylorotwell@gmail.com"
                }
            ],
            "time": "2013-05-28 20:37:43"
        },
        {
            "name": "illuminate/routing",
            "version": "dev-master",
            "target-dir": "Illuminate/Routing",
            "source": {
                "type": "git",
                "url": "https://github.com/illuminate/routing.git",
                "reference": "a2bd6447462f79863830ee9ffa05186ec37afd7a"
            },
            "dist": {
                "type": "zip",
                "url": "https://api.github.com/repos/illuminate/routing/zipball/a2bd6447462f79863830ee9ffa05186ec37afd7a",
                "reference": "a2bd6447462f79863830ee9ffa05186ec37afd7a",
                "shasum": ""
            },
            "require": {
                "illuminate/container": "4.1.x",
                "illuminate/http": "4.1.x",
                "illuminate/session": "4.1.x",
                "illuminate/support": "4.1.x",
                "symfony/http-foundation": "2.3.*",
                "symfony/http-kernel": "2.3.*",
                "symfony/routing": "2.3.*"
            },
            "require-dev": {
                "illuminate/console": "4.1.x",
                "illuminate/filesystem": "4.1.x",
                "mockery/mockery": "0.7.2",
                "phpunit/phpunit": "3.7.*"
            },
            "type": "library",
            "extra": {
                "branch-alias": {
                    "dev-master": "4.1-dev"
                }
            },
            "autoload": {
                "psr-0": {
                    "Illuminate\\Routing": ""
                }
            },
            "notification-url": "https://packagist.org/downloads/",
            "license": [
                "MIT"
            ],
            "authors": [
                {
                    "name": "Taylor Otwell",
                    "email": "taylorotwell@gmail.com"
                }
            ],
            "time": "2013-06-08 18:06:36"
        },
        {
            "name": "illuminate/session",
            "version": "dev-master",
            "target-dir": "Illuminate/Session",
            "source": {
                "type": "git",
                "url": "https://github.com/illuminate/session.git",
                "reference": "83b081e6f3afc9c4781d6b8f89c4ff9790ae2cdf"
            },
            "dist": {
                "type": "zip",
                "url": "https://api.github.com/repos/illuminate/session/zipball/83b081e6f3afc9c4781d6b8f89c4ff9790ae2cdf",
                "reference": "83b081e6f3afc9c4781d6b8f89c4ff9790ae2cdf",
                "shasum": ""
            },
            "require": {
                "illuminate/cache": "4.1.x",
                "illuminate/cookie": "4.1.x",
                "illuminate/encryption": "4.1.x",
                "illuminate/support": "4.1.x",
                "php": ">=5.3.0",
                "symfony/http-foundation": "2.3.*"
            },
            "require-dev": {
                "illuminate/console": "4.1.x",
                "mockery/mockery": ">=0.7.2",
                "phpunit/phpunit": "3.7.*"
            },
            "type": "library",
            "extra": {
                "branch-alias": {
                    "dev-master": "4.1-dev"
                }
            },
            "autoload": {
                "psr-0": {
                    "Illuminate\\Session": ""
                }
            },
            "notification-url": "https://packagist.org/downloads/",
            "license": [
                "MIT"
            ],
            "authors": [
                {
                    "name": "Taylor Otwell",
                    "email": "taylorotwell@gmail.com"
                }
            ],
            "time": "2013-06-06 03:56:56"
        },
        {
            "name": "illuminate/support",
            "version": "dev-master",
            "target-dir": "Illuminate/Support",
            "source": {
                "type": "git",
                "url": "https://github.com/illuminate/support.git",
                "reference": "a7ea13f1696b1759335393d468165360cae45b6c"
            },
            "dist": {
                "type": "zip",
                "url": "https://api.github.com/repos/illuminate/support/zipball/a7ea13f1696b1759335393d468165360cae45b6c",
                "reference": "a7ea13f1696b1759335393d468165360cae45b6c",
                "shasum": ""
            },
            "require": {
                "php": ">=5.3.0"
            },
            "require-dev": {
                "mockery/mockery": "0.7.2",
                "patchwork/utf8": "1.1.*",
                "phpunit/phpunit": "3.7.*"
            },
            "type": "library",
            "extra": {
                "branch-alias": {
                    "dev-master": "4.1-dev"
                }
            },
            "autoload": {
                "psr-0": {
                    "Illuminate\\Support": ""
                },
                "files": [
                    "Illuminate/Support/helpers.php"
                ]
            },
            "notification-url": "https://packagist.org/downloads/",
            "license": [
                "MIT"
            ],
            "authors": [
                {
                    "name": "Taylor Otwell",
                    "email": "taylorotwell@gmail.com"
                }
            ],
            "time": "2013-06-08 18:06:36"
        },
        {
            "name": "illuminate/translation",
            "version": "dev-master",
            "target-dir": "Illuminate/Translation",
            "source": {
                "type": "git",
                "url": "https://github.com/illuminate/translation.git",
                "reference": "04039a455371ce6a0beafe6c345ad7f9ee5b16de"
            },
            "dist": {
                "type": "zip",
                "url": "https://api.github.com/repos/illuminate/translation/zipball/04039a455371ce6a0beafe6c345ad7f9ee5b16de",
                "reference": "04039a455371ce6a0beafe6c345ad7f9ee5b16de",
                "shasum": ""
            },
            "require": {
                "illuminate/filesystem": "4.1.x",
                "illuminate/support": "4.1.x",
                "php": ">=5.3.0",
                "symfony/translation": "2.3.*"
            },
            "require-dev": {
                "mockery/mockery": "0.7.2",
                "phpunit/phpunit": "3.7.*"
            },
            "type": "library",
            "extra": {
                "branch-alias": {
                    "dev-master": "4.1-dev"
                }
            },
            "autoload": {
                "psr-0": {
                    "Illuminate\\Translation": ""
                }
            },
            "notification-url": "https://packagist.org/downloads/",
            "license": [
                "MIT"
            ],
            "authors": [
                {
                    "name": "Taylor Otwell",
                    "email": "taylorotwell@gmail.com"
                }
            ],
            "time": "2013-06-05 12:58:23"
        },
        {
            "name": "nesbot/carbon",
            "version": "1.2.0",
            "source": {
                "type": "git",
                "url": "git://github.com/briannesbitt/Carbon.git",
                "reference": "1.2.0"
            },
            "dist": {
                "type": "zip",
                "url": "https://github.com/briannesbitt/Carbon/zipball/1.2.0",
                "reference": "1.2.0",
                "shasum": ""
            },
            "require": {
                "php": ">=5.3.0"
            },
            "type": "library",
            "autoload": {
                "psr-0": {
                    "Carbon": "."
                }
            },
            "notification-url": "https://packagist.org/downloads/",
            "license": [
                "MIT"
            ],
            "authors": [
                {
                    "name": "Brian Nesbitt",
                    "email": "brian@nesbot.com",
                    "homepage": "http://nesbot.com"
                }
            ],
            "description": "A simple API extension for DateTime.",
            "homepage": "https://github.com/briannesbitt/Carbon",
            "keywords": [
                "date",
                "datetime",
                "time"
            ],
            "time": "2012-10-14 17:41:18"
        },
        {
            "name": "patchwork/utf8",
            "version": "v1.1.8",
            "source": {
                "type": "git",
                "url": "https://github.com/nicolas-grekas/Patchwork-UTF8.git",
                "reference": "v1.1.8"
            },
            "dist": {
                "type": "zip",
                "url": "https://api.github.com/repos/nicolas-grekas/Patchwork-UTF8/zipball/v1.1.8",
                "reference": "v1.1.8",
                "shasum": ""
            },
            "require": {
                "php": ">=5.3.0"
            },
            "type": "library",
            "autoload": {
                "psr-0": {
                    "Patchwork": "class/",
                    "Normalizer": "class/"
                }
            },
            "notification-url": "https://packagist.org/downloads/",
            "license": [
                "(Apache-2.0 or GPL-2.0)"
            ],
            "authors": [
                {
                    "name": "Nicolas Grekas",
                    "email": "p@tchwork.com",
                    "role": "Developer"
                }
            ],
            "description": "UTF-8 strings handling for PHP 5.3: portable, performant and extended",
            "homepage": "https://github.com/nicolas-grekas/Patchwork-UTF8",
            "keywords": [
                "i18n",
                "unicode",
                "utf-8",
                "utf8"
            ],
            "time": "2013-05-24 12:11:22"
        },
        {
            "name": "predis/predis",
            "version": "0.8.x-dev",
            "source": {
                "type": "git",
                "url": "https://github.com/nrk/predis.git",
                "reference": "aa458a1922a99611d7f81795bedff88459bc8753"
            },
            "dist": {
                "type": "zip",
                "url": "https://api.github.com/repos/nrk/predis/zipball/aa458a1922a99611d7f81795bedff88459bc8753",
                "reference": "aa458a1922a99611d7f81795bedff88459bc8753",
                "shasum": ""
            },
            "require": {
                "php": ">=5.3.2"
            },
            "suggest": {
                "ext-curl": "Allows access to Webdis when paired with phpiredis",
                "ext-phpiredis": "Allows faster serialization and deserialization of the Redis protocol"
            },
            "type": "library",
            "autoload": {
                "psr-0": {
                    "Predis": "lib/"
                }
            },
            "notification-url": "https://packagist.org/downloads/",
            "license": [
                "MIT"
            ],
            "authors": [
                {
                    "name": "Daniele Alessandri",
                    "email": "suppakilla@gmail.com",
                    "homepage": "http://clorophilla.net"
                }
            ],
            "description": "Flexible and feature-complete PHP client library for Redis",
            "homepage": "http://github.com/nrk/predis",
            "keywords": [
                "nosql",
                "predis",
                "redis"
            ],
            "time": "2013-06-03 10:04:10"
        },
        {
            "name": "psr/log",
            "version": "1.0.0",
            "source": {
                "type": "git",
                "url": "https://github.com/php-fig/log",
                "reference": "1.0.0"
            },
            "dist": {
                "type": "zip",
                "url": "https://github.com/php-fig/log/archive/1.0.0.zip",
                "reference": "1.0.0",
                "shasum": ""
            },
            "type": "library",
            "autoload": {
                "psr-0": {
                    "Psr\\Log\\": ""
                }
            },
            "notification-url": "https://packagist.org/downloads/",
            "license": [
                "MIT"
            ],
            "authors": [
                {
                    "name": "PHP-FIG",
                    "homepage": "http://www.php-fig.org/"
                }
            ],
            "description": "Common interface for logging libraries",
            "keywords": [
                "log",
                "psr",
                "psr-3"
            ],
            "time": "2012-12-21 11:40:51"
        },
        {
            "name": "symfony/debug",
            "version": "dev-master",
            "target-dir": "Symfony/Component/Debug",
            "source": {
                "type": "git",
                "url": "https://github.com/symfony/Debug.git",
                "reference": "bcf326c347d9e2ccafde5e30fb938e09255f6c1a"
            },
            "dist": {
                "type": "zip",
                "url": "https://api.github.com/repos/symfony/Debug/zipball/bcf326c347d9e2ccafde5e30fb938e09255f6c1a",
                "reference": "bcf326c347d9e2ccafde5e30fb938e09255f6c1a",
                "shasum": ""
            },
            "require": {
                "php": ">=5.3.3"
            },
            "require-dev": {
                "symfony/http-foundation": ">=2.1,<3.0",
                "symfony/http-kernel": ">=2.1,<3.0"
            },
            "suggest": {
                "symfony/class-loader": "",
                "symfony/http-foundation": "",
                "symfony/http-kernel": ""
            },
            "type": "library",
            "extra": {
                "branch-alias": {
                    "dev-master": "2.4-dev"
                }
            },
            "autoload": {
                "psr-0": {
                    "Symfony\\Component\\Debug\\": ""
                }
            },
            "notification-url": "https://packagist.org/downloads/",
            "license": [
                "MIT"
            ],
            "authors": [
                {
                    "name": "Fabien Potencier",
                    "email": "fabien@symfony.com"
                },
                {
                    "name": "Symfony Community",
                    "homepage": "http://symfony.com/contributors"
                }
            ],
            "description": "Symfony Debug Component",
            "homepage": "http://symfony.com",
            "time": "2013-06-02 12:05:59"
        },
        {
            "name": "symfony/event-dispatcher",
            "version": "dev-master",
            "target-dir": "Symfony/Component/EventDispatcher",
            "source": {
                "type": "git",
                "url": "https://github.com/symfony/EventDispatcher.git",
                "reference": "4b34aad44d0a2d91f301ee967151ce0980f39930"
            },
            "dist": {
                "type": "zip",
                "url": "https://api.github.com/repos/symfony/EventDispatcher/zipball/4b34aad44d0a2d91f301ee967151ce0980f39930",
                "reference": "4b34aad44d0a2d91f301ee967151ce0980f39930",
                "shasum": ""
            },
            "require": {
                "php": ">=5.3.3"
            },
            "require-dev": {
                "symfony/dependency-injection": ">=2.0,<3.0"
            },
            "suggest": {
                "symfony/dependency-injection": "",
                "symfony/http-kernel": ""
            },
            "type": "library",
            "extra": {
                "branch-alias": {
                    "dev-master": "2.4-dev"
                }
            },
            "autoload": {
                "psr-0": {
                    "Symfony\\Component\\EventDispatcher\\": ""
                }
            },
            "notification-url": "https://packagist.org/downloads/",
            "license": [
                "MIT"
            ],
            "authors": [
                {
                    "name": "Fabien Potencier",
                    "email": "fabien@symfony.com"
                },
                {
                    "name": "Symfony Community",
                    "homepage": "http://symfony.com/contributors"
                }
            ],
            "description": "Symfony EventDispatcher Component",
            "homepage": "http://symfony.com",
            "time": "2013-05-16 07:54:39"
        },
        {
            "name": "symfony/finder",
            "version": "2.3.x-dev",
            "target-dir": "Symfony/Component/Finder",
            "source": {
                "type": "git",
                "url": "https://github.com/symfony/Finder.git",
                "reference": "v2.3.0"
            },
            "dist": {
                "type": "zip",
                "url": "https://api.github.com/repos/symfony/Finder/zipball/v2.3.0",
                "reference": "v2.3.0",
                "shasum": ""
            },
            "require": {
                "php": ">=5.3.3"
            },
            "type": "library",
            "extra": {
                "branch-alias": {
                    "dev-master": "2.3-dev"
                }
            },
            "autoload": {
                "psr-0": {
                    "Symfony\\Component\\Finder\\": ""
                }
            },
            "notification-url": "https://packagist.org/downloads/",
            "license": [
                "MIT"
            ],
            "authors": [
                {
                    "name": "Fabien Potencier",
                    "email": "fabien@symfony.com"
                },
                {
                    "name": "Symfony Community",
                    "homepage": "http://symfony.com/contributors"
                }
            ],
            "description": "Symfony Finder Component",
            "homepage": "http://symfony.com",
            "time": "2013-06-02 12:05:51"
        },
        {
            "name": "symfony/http-foundation",
            "version": "2.3.x-dev",
            "target-dir": "Symfony/Component/HttpFoundation",
            "source": {
                "type": "git",
                "url": "https://github.com/symfony/HttpFoundation.git",
                "reference": "v2.3.0-RC1"
            },
            "dist": {
                "type": "zip",
                "url": "https://api.github.com/repos/symfony/HttpFoundation/zipball/v2.3.0-RC1",
                "reference": "v2.3.0-RC1",
                "shasum": ""
            },
            "require": {
                "php": ">=5.3.3"
            },
            "type": "library",
            "extra": {
                "branch-alias": {
                    "dev-master": "2.3-dev"
                }
            },
            "autoload": {
                "psr-0": {
                    "Symfony\\Component\\HttpFoundation\\": ""
                },
                "classmap": [
                    "Symfony/Component/HttpFoundation/Resources/stubs"
                ]
            },
            "notification-url": "https://packagist.org/downloads/",
            "license": [
                "MIT"
            ],
            "authors": [
                {
                    "name": "Fabien Potencier",
                    "email": "fabien@symfony.com"
                },
                {
                    "name": "Symfony Community",
                    "homepage": "http://symfony.com/contributors"
                }
            ],
            "description": "Symfony HttpFoundation Component",
            "homepage": "http://symfony.com",
            "time": "2013-05-10 06:00:03"
        },
        {
            "name": "symfony/http-kernel",
            "version": "2.3.x-dev",
            "target-dir": "Symfony/Component/HttpKernel",
            "source": {
                "type": "git",
                "url": "https://github.com/symfony/HttpKernel.git",
                "reference": "4f0f6485abe0e2e8b8a94369fb98b8447fb1e3cc"
            },
            "dist": {
                "type": "zip",
                "url": "https://api.github.com/repos/symfony/HttpKernel/zipball/4f0f6485abe0e2e8b8a94369fb98b8447fb1e3cc",
                "reference": "4f0f6485abe0e2e8b8a94369fb98b8447fb1e3cc",
                "shasum": ""
            },
            "require": {
                "php": ">=5.3.3",
                "psr/log": ">=1.0,<2.0",
                "symfony/debug": ">=2.3,<3.0",
                "symfony/event-dispatcher": ">=2.1,<3.0",
                "symfony/http-foundation": ">=2.2,<3.0"
            },
            "require-dev": {
                "symfony/browser-kit": "2.2.*",
                "symfony/class-loader": ">=2.1,<3.0",
                "symfony/config": ">=2.0,<3.0",
                "symfony/console": "2.2.*",
                "symfony/dependency-injection": ">=2.0,<3.0",
                "symfony/finder": ">=2.0,<3.0",
                "symfony/process": ">=2.0,<3.0",
                "symfony/routing": ">=2.2,<3.0",
                "symfony/stopwatch": ">=2.2,<3.0"
            },
            "suggest": {
                "symfony/browser-kit": "",
                "symfony/class-loader": "",
                "symfony/config": "",
                "symfony/console": "",
                "symfony/dependency-injection": "",
                "symfony/finder": ""
            },
            "type": "library",
            "extra": {
                "branch-alias": {
                    "dev-master": "2.3-dev"
                }
            },
            "autoload": {
                "psr-0": {
                    "Symfony\\Component\\HttpKernel\\": ""
                }
            },
            "notification-url": "https://packagist.org/downloads/",
            "license": [
                "MIT"
            ],
            "authors": [
                {
                    "name": "Fabien Potencier",
                    "email": "fabien@symfony.com"
                },
                {
                    "name": "Symfony Community",
                    "homepage": "http://symfony.com/contributors"
                }
            ],
            "description": "Symfony HttpKernel Component",
            "homepage": "http://symfony.com",
            "time": "2013-06-03 15:11:57"
        },
        {
            "name": "symfony/routing",
            "version": "2.3.x-dev",
            "target-dir": "Symfony/Component/Routing",
            "source": {
                "type": "git",
                "url": "https://github.com/symfony/Routing.git",
                "reference": "v2.3.0"
            },
            "dist": {
                "type": "zip",
                "url": "https://api.github.com/repos/symfony/Routing/zipball/v2.3.0",
                "reference": "v2.3.0",
                "shasum": ""
            },
            "require": {
                "php": ">=5.3.3"
            },
            "require-dev": {
                "doctrine/common": ">=2.2,<3.0",
                "psr/log": ">=1.0,<2.0",
                "symfony/config": ">=2.2,<3.0",
                "symfony/yaml": ">=2.0,<3.0"
            },
            "suggest": {
                "doctrine/common": "",
                "symfony/config": "",
                "symfony/yaml": ""
            },
            "type": "library",
            "extra": {
                "branch-alias": {
                    "dev-master": "2.3-dev"
                }
            },
            "autoload": {
                "psr-0": {
                    "Symfony\\Component\\Routing\\": ""
                }
            },
            "notification-url": "https://packagist.org/downloads/",
            "license": [
                "MIT"
            ],
            "authors": [
                {
                    "name": "Fabien Potencier",
                    "email": "fabien@symfony.com"
                },
                {
                    "name": "Symfony Community",
                    "homepage": "http://symfony.com/contributors"
                }
            ],
            "description": "Symfony Routing Component",
            "homepage": "http://symfony.com",
            "time": "2013-05-20 08:57:26"
        },
        {
            "name": "symfony/translation",
            "version": "2.3.x-dev",
            "target-dir": "Symfony/Component/Translation",
            "source": {
                "type": "git",
                "url": "https://github.com/symfony/Translation.git",
                "reference": "v2.3.0-RC1"
            },
            "dist": {
                "type": "zip",
                "url": "https://api.github.com/repos/symfony/Translation/zipball/v2.3.0-RC1",
                "reference": "v2.3.0-RC1",
                "shasum": ""
            },
            "require": {
                "php": ">=5.3.3"
            },
            "require-dev": {
                "symfony/config": ">=2.0,<3.0",
                "symfony/yaml": ">=2.2,<3.0"
            },
            "suggest": {
                "symfony/config": "",
                "symfony/yaml": ""
            },
            "type": "library",
            "extra": {
                "branch-alias": {
                    "dev-master": "2.3-dev"
                }
            },
            "autoload": {
                "psr-0": {
                    "Symfony\\Component\\Translation\\": ""
                }
            },
            "notification-url": "https://packagist.org/downloads/",
            "license": [
                "MIT"
            ],
            "authors": [
                {
                    "name": "Fabien Potencier",
                    "email": "fabien@symfony.com"
                },
                {
                    "name": "Symfony Community",
                    "homepage": "http://symfony.com/contributors"
                }
            ],
            "description": "Symfony Translation Component",
            "homepage": "http://symfony.com",
            "time": "2013-05-13 14:36:40"
        }
    ],
    "packages-dev": [
        {
            "name": "mockery/mockery",
            "version": "dev-master",
            "source": {
                "type": "git",
                "url": "https://github.com/padraic/mockery.git",
                "reference": "70739803f85065cc2ec00fae662bdcaaa4df487e"
            },
            "dist": {
                "type": "zip",
                "url": "https://api.github.com/repos/padraic/mockery/zipball/70739803f85065cc2ec00fae662bdcaaa4df487e",
                "reference": "70739803f85065cc2ec00fae662bdcaaa4df487e",
                "shasum": ""
            },
            "require": {
                "lib-pcre": ">=7.0",
                "php": ">=5.3.2"
            },
            "require-dev": {
                "hamcrest/hamcrest": "1.1.0"
            },
            "type": "library",
            "autoload": {
                "psr-0": {
                    "Mockery": "library/"
                }
            },
            "notification-url": "https://packagist.org/downloads/",
            "license": [
                "BSD-3-Clause"
            ],
            "authors": [
                {
                    "name": "Pádraic Brady",
                    "email": "padraic.brady@gmail.com",
                    "homepage": "http://blog.astrumfutura.com"
                }
            ],
            "description": "Mockery is a simple yet flexible PHP mock object framework for use in unit testing with PHPUnit, PHPSpec or any other testing framework. Its core goal is to offer a test double framework with a succint API capable of clearly defining all possible object operations and interactions using a human readable Domain Specific Language (DSL). Designed as a drop in alternative to PHPUnit's phpunit-mock-objects library, Mockery is easy to integrate with PHPUnit and can operate alongside phpunit-mock-objects without the World ending.",
            "homepage": "http://github.com/padraic/mockery",
            "keywords": [
                "BDD",
                "TDD",
                "library",
                "mock",
                "mock objects",
                "mockery",
                "stub",
                "test",
                "test double",
                "testing"
            ],
            "time": "2013-05-29 09:13:17"
        }
    ],
    "aliases": [

    ],
    "minimum-stability": "dev",
    "stability-flags": {
        "anahkiasen/html-object": 20,
        "anahkiasen/underscore-php": 20,
        "mockery/mockery": 20
    },
    "platform": [

    ],
    "platform-dev": [

    ]
}
